
Microsoft Visual Studio Solution File, Format Version 12.00
# Visual Studio Version 16
VisualStudioVersion = 16.0.31729.503
MinimumVisualStudioVersion = 10.0.40219.1
Project("{FAE04EC0-301F-11D3-BF4B-00C04F79EFBC}") = "watariTestProject", "watariTestProject\watariTestProject.csproj", "{8BFE4BC5-51EF-4438-BA2E-60AFAE800889}"
EndProject
Global
	GlobalSection(SolutionConfigurationPlatforms) = preSolution
		Debug|Any CPU = Debug|Any CPU
		Release|Any CPU = Release|Any CPU
	EndGlobalSection
	GlobalSection(ProjectConfigurationPlatforms) = postSolution
		{8BFE4BC5-51EF-4438-BA2E-60AFAE800889}.Debug|Any CPU.ActiveCfg = Debug|Any CPU
		{8BFE4BC5-51EF-4438-BA2E-60AFAE800889}.Debug|Any CPU.Build.0 = Debug|Any CPU
		{8BFE4BC5-51EF-4438-BA2E-60AFAE800889}.Release|Any CPU.ActiveCfg = Release|Any CPU
		{8BFE4BC5-51EF-4438-BA2E-60AFAE800889}.Release|Any CPU.Build.0 = Release|Any CPU
	EndGlobalSection
	GlobalSection(SolutionProperties) = preSolution
		HideSolutionNode = FALSE
	EndGlobalSection
	GlobalSection(ExtensibilityGlobals) = postSolution
		SolutionGuid = {7EE91618-0144-4DE8-90D9-39018FE44D36}
	EndGlobalSection
EndGlobal
